
Microsoft Visual Studio Solution File, Format Version 12.00
Project("{FAE04EC0-301F-11D3-BF4B-00C04F79EFBC}") = "FleetRentals.Api", "src\FleetRentals.Api\FleetRentals.Api.csproj", "{A7015495-5FD9-4FFD-A696-46472FCE6D41}"
EndProject
Project("{FAE04EC0-301F-11D3-BF4B-00C04F79EFBC}") = "FleetRentals.Application", "src\FleetRentals.Application\FleetRentals.Application.csproj", "{4F10772F-33A9-4A7D-836C-46BA77DE7E27}"
EndProject
Project("{FAE04EC0-301F-11D3-BF4B-00C04F79EFBC}") = "FleetRentals.Domain", "src\FleetRentals.Domain\FleetRentals.Domain.csproj", "{E840EF68-5391-4D4A-B99D-7465C2F7FBD7}"
EndProject
Project("{FAE04EC0-301F-11D3-BF4B-00C04F79EFBC}") = "FleetRentals.Persistence", "src\FleetRentals.Persistence\FleetRentals.Persistence.csproj", "{446BA25A-91C5-4AE0-A908-640E73F8C5B7}"
EndProject
Project("{FAE04EC0-301F-11D3-BF4B-00C04F79EFBC}") = "FleetRentals.UnitTests", "tests\FleetRentals.UnitTests\FleetRentals.UnitTests.csproj", "{BDC3EB6C-5ED9-4226-8470-E38D42846F9F}"
EndProject
Project("{FAE04EC0-301F-11D3-BF4B-00C04F79EFBC}") = "FleetRentals.IntegrationTests", "tests\FleetRentals.IntegrationTests\FleetRentals.IntegrationTests.csproj", "{95870255-72F4-496C-96FC-49A5705F6466}"
EndProject
Project("{2150E333-8FDC-42A3-9474-1A3956D46DE8}") = "Solution Items", "Solution Items", "{C1BC69E0-F570-45C2-BEE3-56AE8BC86ADC}"
	ProjectSection(SolutionItems) = preProject
		Directory.Build.props = Directory.Build.props
		.gitignore = .gitignore
		.editorconfig = .editorconfig
		compose.infra.yml = compose.infra.yml
		schema.sql = schema.sql
	EndProjectSection
EndProject
Global
	GlobalSection(SolutionConfigurationPlatforms) = preSolution
		Debug|Any CPU = Debug|Any CPU
		Release|Any CPU = Release|Any CPU
	EndGlobalSection
	GlobalSection(ProjectConfigurationPlatforms) = postSolution
		{A7015495-5FD9-4FFD-A696-46472FCE6D41}.Debug|Any CPU.ActiveCfg = Debug|Any CPU
		{A7015495-5FD9-4FFD-A696-46472FCE6D41}.Debug|Any CPU.Build.0 = Debug|Any CPU
		{A7015495-5FD9-4FFD-A696-46472FCE6D41}.Release|Any CPU.ActiveCfg = Release|Any CPU
		{A7015495-5FD9-4FFD-A696-46472FCE6D41}.Release|Any CPU.Build.0 = Release|Any CPU
		{4F10772F-33A9-4A7D-836C-46BA77DE7E27}.Debug|Any CPU.ActiveCfg = Debug|Any CPU
		{4F10772F-33A9-4A7D-836C-46BA77DE7E27}.Debug|Any CPU.Build.0 = Debug|Any CPU
		{4F10772F-33A9-4A7D-836C-46BA77DE7E27}.Release|Any CPU.ActiveCfg = Release|Any CPU
		{4F10772F-33A9-4A7D-836C-46BA77DE7E27}.Release|Any CPU.Build.0 = Release|Any CPU
		{E840EF68-5391-4D4A-B99D-7465C2F7FBD7}.Debug|Any CPU.ActiveCfg = Debug|Any CPU
		{E840EF68-5391-4D4A-B99D-7465C2F7FBD7}.Debug|Any CPU.Build.0 = Debug|Any CPU
		{E840EF68-5391-4D4A-B99D-7465C2F7FBD7}.Release|Any CPU.ActiveCfg = Release|Any CPU
		{E840EF68-5391-4D4A-B99D-7465C2F7FBD7}.Release|Any CPU.Build.0 = Release|Any CPU
		{446BA25A-91C5-4AE0-A908-640E73F8C5B7}.Debug|Any CPU.ActiveCfg = Debug|Any CPU
		{446BA25A-91C5-4AE0-A908-640E73F8C5B7}.Debug|Any CPU.Build.0 = Debug|Any CPU
		{446BA25A-91C5-4AE0-A908-640E73F8C5B7}.Release|Any CPU.ActiveCfg = Release|Any CPU
		{446BA25A-91C5-4AE0-A908-640E73F8C5B7}.Release|Any CPU.Build.0 = Release|Any CPU
		{BDC3EB6C-5ED9-4226-8470-E38D42846F9F}.Debug|Any CPU.ActiveCfg = Debug|Any CPU
		{BDC3EB6C-5ED9-4226-8470-E38D42846F9F}.Debug|Any CPU.Build.0 = Debug|Any CPU
		{BDC3EB6C-5ED9-4226-8470-E38D42846F9F}.Release|Any CPU.ActiveCfg = Release|Any CPU
		{BDC3EB6C-5ED9-4226-8470-E38D42846F9F}.Release|Any CPU.Build.0 = Release|Any CPU
		{95870255-72F4-496C-96FC-49A5705F6466}.Debug|Any CPU.ActiveCfg = Debug|Any CPU
		{95870255-72F4-496C-96FC-49A5705F6466}.Debug|Any CPU.Build.0 = Debug|Any CPU
		{95870255-72F4-496C-96FC-49A5705F6466}.Release|Any CPU.ActiveCfg = Release|Any CPU
		{95870255-72F4-496C-96FC-49A5705F6466}.Release|Any CPU.Build.0 = Release|Any CPU
	EndGlobalSection
EndGlobal
